// !$*UTF8*$!
{
	archiveVersion = 1;
	classes = {
	};
	objectVersion = 55;
	objects = {

/* Begin PBXBuildFile section */
		6C1BDFFF289C4F9800E8A6DC /* LeaderboardView.swift in Sources */ = {isa = PBXBuildFile; fileRef = 6C1BDFFE289C4F9800E8A6DC /* LeaderboardView.swift */; };
		6C1BE000289C4F9800E8A6DC /* LeaderboardView.swift in Sources */ = {isa = PBXBuildFile; fileRef = 6C1BDFFE289C4F9800E8A6DC /* LeaderboardView.swift */; };
		6C1BE003289C509D00E8A6DC /* Constants.swift in Sources */ = {isa = PBXBuildFile; fileRef = 6C1BE002289C509D00E8A6DC /* Constants.swift */; };
		6C1BE004289C509D00E8A6DC /* Constants.swift in Sources */ = {isa = PBXBuildFile; fileRef = 6C1BE002289C509D00E8A6DC /* Constants.swift */; };
		6C1BE006289C50FD00E8A6DC /* RoundViews.swift in Sources */ = {isa = PBXBuildFile; fileRef = 6C1BE005289C50FD00E8A6DC /* RoundViews.swift */; };
		6C1BE007289C50FD00E8A6DC /* RoundViews.swift in Sources */ = {isa = PBXBuildFile; fileRef = 6C1BE005289C50FD00E8A6DC /* RoundViews.swift */; };
		6C1BE009289C517800E8A6DC /* TextViews.swift in Sources */ = {isa = PBXBuildFile; fileRef = 6C1BE008289C517800E8A6DC /* TextViews.swift */; };
		6C1BE00A289C517800E8A6DC /* TextViews.swift in Sources */ = {isa = PBXBuildFile; fileRef = 6C1BE008289C517800E8A6DC /* TextViews.swift */; };
		6C4E0238289CD06A004C0EB0 /* TimedMetadata.swift in Sources */ = {isa = PBXBuildFile; fileRef = 6C4E0237289CD06A004C0EB0 /* TimedMetadata.swift */; };
		6C4E0239289CD06A004C0EB0 /* TimedMetadata.swift in Sources */ = {isa = PBXBuildFile; fileRef = 6C4E0237289CD06A004C0EB0 /* TimedMetadata.swift */; };
		6C4E023F289E05F0004C0EB0 /* Diamond.swift in Sources */ = {isa = PBXBuildFile; fileRef = 6C4E023E289E05F0004C0EB0 /* Diamond.swift */; };
		6C4E0240289E05F0004C0EB0 /* Diamond.swift in Sources */ = {isa = PBXBuildFile; fileRef = 6C4E023E289E05F0004C0EB0 /* Diamond.swift */; };
		6C4E0242289E1011004C0EB0 /* Base.swift in Sources */ = {isa = PBXBuildFile; fileRef = 6C4E0241289E1011004C0EB0 /* Base.swift */; };
		6C4E0243289E1011004C0EB0 /* Base.swift in Sources */ = {isa = PBXBuildFile; fileRef = 6C4E0241289E1011004C0EB0 /* Base.swift */; };
		6C4E024528A0A375004C0EB0 /* Bases.swift in Sources */ = {isa = PBXBuildFile; fileRef = 6C4E024428A0A375004C0EB0 /* Bases.swift */; };
		6C4E024628A0A375004C0EB0 /* Bases.swift in Sources */ = {isa = PBXBuildFile; fileRef = 6C4E024428A0A375004C0EB0 /* Bases.swift */; };
		6C4E024928A16BEE004C0EB0 /* medium.json in Resources */ = {isa = PBXBuildFile; fileRef = 6C4E024828A16BEE004C0EB0 /* medium.json */; };
		6C4E024A28A16BEE004C0EB0 /* medium.json in Resources */ = {isa = PBXBuildFile; fileRef = 6C4E024828A16BEE004C0EB0 /* medium.json */; };
		6C4E024D28A45396004C0EB0 /* TimedMetadataParser.swift in Sources */ = {isa = PBXBuildFile; fileRef = 6C4E024C28A45396004C0EB0 /* TimedMetadataParser.swift */; };
		6C4E024E28A45396004C0EB0 /* TimedMetadataParser.swift in Sources */ = {isa = PBXBuildFile; fileRef = 6C4E024C28A45396004C0EB0 /* TimedMetadataParser.swift */; };
		6C4E025028A5BFD4004C0EB0 /* GameTimedMetadata.json in Resources */ = {isa = PBXBuildFile; fileRef = 6C4E024F28A5BFD4004C0EB0 /* GameTimedMetadata.json */; };
		6C4E025128A5BFD4004C0EB0 /* GameTimedMetadata.json in Resources */ = {isa = PBXBuildFile; fileRef = 6C4E024F28A5BFD4004C0EB0 /* GameTimedMetadata.json */; };
		6C4E025328A5FEE4004C0EB0 /* ScoreBoard.swift in Sources */ = {isa = PBXBuildFile; fileRef = 6C4E025228A5FEE4004C0EB0 /* ScoreBoard.swift */; };
		6C4E025428A5FEE4004C0EB0 /* ScoreBoard.swift in Sources */ = {isa = PBXBuildFile; fileRef = 6C4E025228A5FEE4004C0EB0 /* ScoreBoard.swift */; };
		6CDBF3AE288EF2C7007BB018 /* Tests_iOS.swift in Sources */ = {isa = PBXBuildFile; fileRef = 6CDBF3AD288EF2C7007BB018 /* Tests_iOS.swift */; };
		6CDBF3B0288EF2C7007BB018 /* Tests_iOSLaunchTests.swift in Sources */ = {isa = PBXBuildFile; fileRef = 6CDBF3AF288EF2C7007BB018 /* Tests_iOSLaunchTests.swift */; };
		6CDBF3BA288EF2C7007BB018 /* Tests_macOS.swift in Sources */ = {isa = PBXBuildFile; fileRef = 6CDBF3B9288EF2C7007BB018 /* Tests_macOS.swift */; };
		6CDBF3BC288EF2C7007BB018 /* Tests_macOSLaunchTests.swift in Sources */ = {isa = PBXBuildFile; fileRef = 6CDBF3BB288EF2C7007BB018 /* Tests_macOSLaunchTests.swift */; };
		6CDBF3BD288EF2C7007BB018 /* TimedMetadataDemoApp.swift in Sources */ = {isa = PBXBuildFile; fileRef = 6CDBF395288EF2C7007BB018 /* TimedMetadataDemoApp.swift */; };
		6CDBF3BE288EF2C7007BB018 /* TimedMetadataDemoApp.swift in Sources */ = {isa = PBXBuildFile; fileRef = 6CDBF395288EF2C7007BB018 /* TimedMetadataDemoApp.swift */; };
		6CDBF3BF288EF2C7007BB018 /* ContentView.swift in Sources */ = {isa = PBXBuildFile; fileRef = 6CDBF396288EF2C7007BB018 /* ContentView.swift */; };
		6CDBF3C0288EF2C7007BB018 /* ContentView.swift in Sources */ = {isa = PBXBuildFile; fileRef = 6CDBF396288EF2C7007BB018 /* ContentView.swift */; };
		6CDBF3C1288EF2C7007BB018 /* Assets.xcassets in Resources */ = {isa = PBXBuildFile; fileRef = 6CDBF397288EF2C7007BB018 /* Assets.xcassets */; };
		6CDBF3C2288EF2C7007BB018 /* Assets.xcassets in Resources */ = {isa = PBXBuildFile; fileRef = 6CDBF397288EF2C7007BB018 /* Assets.xcassets */; };
/* End PBXBuildFile section */

/* Begin PBXContainerItemProxy section */
		6CDBF3AA288EF2C7007BB018 /* PBXContainerItemProxy */ = {
			isa = PBXContainerItemProxy;
			containerPortal = 6CDBF390288EF2C7007BB018 /* Project object */;
			proxyType = 1;
			remoteGlobalIDString = 6CDBF39B288EF2C7007BB018;
			remoteInfo = "TimedMetadataDemo (iOS)";
		};
		6CDBF3B6288EF2C7007BB018 /* PBXContainerItemProxy */ = {
			isa = PBXContainerItemProxy;
			containerPortal = 6CDBF390288EF2C7007BB018 /* Project object */;
			proxyType = 1;
			remoteGlobalIDString = 6CDBF3A1288EF2C7007BB018;
			remoteInfo = "TimedMetadataDemo (macOS)";
		};
/* End PBXContainerItemProxy section */

/* Begin PBXFileReference section */
		6C1BDFFE289C4F9800E8A6DC /* LeaderboardView.swift */ = {isa = PBXFileReference; lastKnownFileType = sourcecode.swift; path = LeaderboardView.swift; sourceTree = "<group>"; };
		6C1BE002289C509D00E8A6DC /* Constants.swift */ = {isa = PBXFileReference; lastKnownFileType = sourcecode.swift; path = Constants.swift; sourceTree = "<group>"; };
		6C1BE005289C50FD00E8A6DC /* RoundViews.swift */ = {isa = PBXFileReference; lastKnownFileType = sourcecode.swift; path = RoundViews.swift; sourceTree = "<group>"; };
		6C1BE008289C517800E8A6DC /* TextViews.swift */ = {isa = PBXFileReference; lastKnownFileType = sourcecode.swift; path = TextViews.swift; sourceTree = "<group>"; };
		6C4E0237289CD06A004C0EB0 /* TimedMetadata.swift */ = {isa = PBXFileReference; lastKnownFileType = sourcecode.swift; path = TimedMetadata.swift; sourceTree = "<group>"; };
		6C4E023E289E05F0004C0EB0 /* Diamond.swift */ = {isa = PBXFileReference; lastKnownFileType = sourcecode.swift; path = Diamond.swift; sourceTree = "<group>"; };
		6C4E0241289E1011004C0EB0 /* Base.swift */ = {isa = PBXFileReference; lastKnownFileType = sourcecode.swift; path = Base.swift; sourceTree = "<group>"; };
		6C4E024428A0A375004C0EB0 /* Bases.swift */ = {isa = PBXFileReference; lastKnownFileType = sourcecode.swift; path = Bases.swift; sourceTree = "<group>"; };
		6C4E024828A16BEE004C0EB0 /* medium.json */ = {isa = PBXFileReference; lastKnownFileType = text.json; path = medium.json; sourceTree = "<group>"; };
		6C4E024C28A45396004C0EB0 /* TimedMetadataParser.swift */ = {isa = PBXFileReference; lastKnownFileType = sourcecode.swift; path = TimedMetadataParser.swift; sourceTree = "<group>"; };
		6C4E024F28A5BFD4004C0EB0 /* GameTimedMetadata.json */ = {isa = PBXFileReference; lastKnownFileType = text.json; path = GameTimedMetadata.json; sourceTree = "<group>"; };
		6C4E025228A5FEE4004C0EB0 /* ScoreBoard.swift */ = {isa = PBXFileReference; lastKnownFileType = sourcecode.swift; path = ScoreBoard.swift; sourceTree = "<group>"; };
		6CDBF395288EF2C7007BB018 /* TimedMetadataDemoApp.swift */ = {isa = PBXFileReference; lastKnownFileType = sourcecode.swift; path = TimedMetadataDemoApp.swift; sourceTree = "<group>"; };
		6CDBF396288EF2C7007BB018 /* ContentView.swift */ = {isa = PBXFileReference; lastKnownFileType = sourcecode.swift; path = ContentView.swift; sourceTree = "<group>"; };
		6CDBF397288EF2C7007BB018 /* Assets.xcassets */ = {isa = PBXFileReference; lastKnownFileType = folder.assetcatalog; path = Assets.xcassets; sourceTree = "<group>"; };
		6CDBF39C288EF2C7007BB018 /* TimedMetadataDemo.app */ = {isa = PBXFileReference; explicitFileType = wrapper.application; includeInIndex = 0; path = TimedMetadataDemo.app; sourceTree = BUILT_PRODUCTS_DIR; };
		6CDBF3A2288EF2C7007BB018 /* TimedMetadataDemo.app */ = {isa = PBXFileReference; explicitFileType = wrapper.application; includeInIndex = 0; path = TimedMetadataDemo.app; sourceTree = BUILT_PRODUCTS_DIR; };
		6CDBF3A4288EF2C7007BB018 /* macOS.entitlements */ = {isa = PBXFileReference; lastKnownFileType = text.plist.entitlements; path = macOS.entitlements; sourceTree = "<group>"; };
		6CDBF3A9288EF2C7007BB018 /* Tests iOS.xctest */ = {isa = PBXFileReference; explicitFileType = wrapper.cfbundle; includeInIndex = 0; path = "Tests iOS.xctest"; sourceTree = BUILT_PRODUCTS_DIR; };
		6CDBF3AD288EF2C7007BB018 /* Tests_iOS.swift */ = {isa = PBXFileReference; lastKnownFileType = sourcecode.swift; path = Tests_iOS.swift; sourceTree = "<group>"; };
		6CDBF3AF288EF2C7007BB018 /* Tests_iOSLaunchTests.swift */ = {isa = PBXFileReference; lastKnownFileType = sourcecode.swift; path = Tests_iOSLaunchTests.swift; sourceTree = "<group>"; };
		6CDBF3B5288EF2C7007BB018 /* Tests macOS.xctest */ = {isa = PBXFileReference; explicitFileType = wrapper.cfbundle; includeInIndex = 0; path = "Tests macOS.xctest"; sourceTree = BUILT_PRODUCTS_DIR; };
		6CDBF3B9288EF2C7007BB018 /* Tests_macOS.swift */ = {isa = PBXFileReference; lastKnownFileType = sourcecode.swift; path = Tests_macOS.swift; sourceTree = "<group>"; };
		6CDBF3BB288EF2C7007BB018 /* Tests_macOSLaunchTests.swift */ = {isa = PBXFileReference; lastKnownFileType = sourcecode.swift; path = Tests_macOSLaunchTests.swift; sourceTree = "<group>"; };
/* End PBXFileReference section */

/* Begin PBXFrameworksBuildPhase section */
		6CDBF399288EF2C7007BB018 /* Frameworks */ = {
			isa = PBXFrameworksBuildPhase;
			buildActionMask = 2147483647;
			files = (
			);
			runOnlyForDeploymentPostprocessing = 0;
		};
		6CDBF39F288EF2C7007BB018 /* Frameworks */ = {
			isa = PBXFrameworksBuildPhase;
			buildActionMask = 2147483647;
			files = (
			);
			runOnlyForDeploymentPostprocessing = 0;
		};
		6CDBF3A6288EF2C7007BB018 /* Frameworks */ = {
			isa = PBXFrameworksBuildPhase;
			buildActionMask = 2147483647;
			files = (
			);
			runOnlyForDeploymentPostprocessing = 0;
		};
		6CDBF3B2288EF2C7007BB018 /* Frameworks */ = {
			isa = PBXFrameworksBuildPhase;
			buildActionMask = 2147483647;
			files = (
			);
			runOnlyForDeploymentPostprocessing = 0;
		};
/* End PBXFrameworksBuildPhase section */

/* Begin PBXGroup section */
		6C1BE001289C507600E8A6DC /* Models */ = {
			isa = PBXGroup;
			children = (
				6C1BE002289C509D00E8A6DC /* Constants.swift */,
			);
			path = Models;
			sourceTree = "<group>";
		};
		6C4E0236289CCD1E004C0EB0 /* Views */ = {
			isa = PBXGroup;
			children = (
				6C1BDFFE289C4F9800E8A6DC /* LeaderboardView.swift */,
				6C1BE008289C517800E8A6DC /* TextViews.swift */,
				6C1BE005289C50FD00E8A6DC /* RoundViews.swift */,
				6C4E025228A5FEE4004C0EB0 /* ScoreBoard.swift */,
				6CDBF396288EF2C7007BB018 /* ContentView.swift */,
				6C4E024B28A45373004C0EB0 /* Utilities */,
				6C4E023A289E05B9004C0EB0 /* Shapes */,
			);
			path = Views;
			sourceTree = "<group>";
		};
		6C4E023A289E05B9004C0EB0 /* Shapes */ = {
			isa = PBXGroup;
			children = (
				6C4E023E289E05F0004C0EB0 /* Diamond.swift */,
				6C4E024428A0A375004C0EB0 /* Bases.swift */,
				6C4E0241289E1011004C0EB0 /* Base.swift */,
			);
			path = Shapes;
			sourceTree = "<group>";
		};
		6C4E024728A16BCC004C0EB0 /* TextTracks */ = {
			isa = PBXGroup;
			children = (
				6C4E024828A16BEE004C0EB0 /* medium.json */,
			);
			path = TextTracks;
			sourceTree = "<group>";
		};
		6C4E024B28A45373004C0EB0 /* Utilities */ = {
			isa = PBXGroup;
			children = (
				6C4E024C28A45396004C0EB0 /* TimedMetadataParser.swift */,
			);
			path = Utilities;
			sourceTree = "<group>";
		};
		6CDBF38F288EF2C7007BB018 = {
			isa = PBXGroup;
			children = (
				6CDBF394288EF2C7007BB018 /* Shared */,
				6CDBF3A3288EF2C7007BB018 /* macOS */,
				6CDBF3AC288EF2C7007BB018 /* Tests iOS */,
				6CDBF3B8288EF2C7007BB018 /* Tests macOS */,
				6CDBF39D288EF2C7007BB018 /* Products */,
			);
			sourceTree = "<group>";
		};
		6CDBF394288EF2C7007BB018 /* Shared */ = {
			isa = PBXGroup;
			children = (
				6C4E0236289CCD1E004C0EB0 /* Views */,
				6C1BE001289C507600E8A6DC /* Models */,
				6CDBF395288EF2C7007BB018 /* TimedMetadataDemoApp.swift */,
				6C4E024F28A5BFD4004C0EB0 /* GameTimedMetadata.json */,
				6C4E024728A16BCC004C0EB0 /* TextTracks */,
				6C4E0237289CD06A004C0EB0 /* TimedMetadata.swift */,
				6CDBF397288EF2C7007BB018 /* Assets.xcassets */,
			);
			path = Shared;
			sourceTree = "<group>";
		};
		6CDBF39D288EF2C7007BB018 /* Products */ = {
			isa = PBXGroup;
			children = (
				6CDBF39C288EF2C7007BB018 /* TimedMetadataDemo.app */,
				6CDBF3A2288EF2C7007BB018 /* TimedMetadataDemo.app */,
				6CDBF3A9288EF2C7007BB018 /* Tests iOS.xctest */,
				6CDBF3B5288EF2C7007BB018 /* Tests macOS.xctest */,
			);
			name = Products;
			sourceTree = "<group>";
		};
		6CDBF3A3288EF2C7007BB018 /* macOS */ = {
			isa = PBXGroup;
			children = (
				6CDBF3A4288EF2C7007BB018 /* macOS.entitlements */,
			);
			path = macOS;
			sourceTree = "<group>";
		};
		6CDBF3AC288EF2C7007BB018 /* Tests iOS */ = {
			isa = PBXGroup;
			children = (
				6CDBF3AD288EF2C7007BB018 /* Tests_iOS.swift */,
				6CDBF3AF288EF2C7007BB018 /* Tests_iOSLaunchTests.swift */,
			);
			path = "Tests iOS";
			sourceTree = "<group>";
		};
		6CDBF3B8288EF2C7007BB018 /* Tests macOS */ = {
			isa = PBXGroup;
			children = (
				6CDBF3B9288EF2C7007BB018 /* Tests_macOS.swift */,
				6CDBF3BB288EF2C7007BB018 /* Tests_macOSLaunchTests.swift */,
			);
			path = "Tests macOS";
			sourceTree = "<group>";
		};
/* End PBXGroup section */

/* Begin PBXNativeTarget section */
		6CDBF39B288EF2C7007BB018 /* TimedMetadataDemo (iOS) */ = {
			isa = PBXNativeTarget;
			buildConfigurationList = 6CDBF3C5288EF2C7007BB018 /* Build configuration list for PBXNativeTarget "TimedMetadataDemo (iOS)" */;
			buildPhases = (
				6CDBF398288EF2C7007BB018 /* Sources */,
				6CDBF399288EF2C7007BB018 /* Frameworks */,
				6CDBF39A288EF2C7007BB018 /* Resources */,
			);
			buildRules = (
			);
			dependencies = (
			);
			name = "TimedMetadataDemo (iOS)";
			productName = "TimedMetadataDemo (iOS)";
			productReference = 6CDBF39C288EF2C7007BB018 /* TimedMetadataDemo.app */;
			productType = "com.apple.product-type.application";
		};
		6CDBF3A1288EF2C7007BB018 /* TimedMetadataDemo (macOS) */ = {
			isa = PBXNativeTarget;
			buildConfigurationList = 6CDBF3C8288EF2C7007BB018 /* Build configuration list for PBXNativeTarget "TimedMetadataDemo (macOS)" */;
			buildPhases = (
				6CDBF39E288EF2C7007BB018 /* Sources */,
				6CDBF39F288EF2C7007BB018 /* Frameworks */,
				6CDBF3A0288EF2C7007BB018 /* Resources */,
			);
			buildRules = (
			);
			dependencies = (
			);
			name = "TimedMetadataDemo (macOS)";
			productName = "TimedMetadataDemo (macOS)";
			productReference = 6CDBF3A2288EF2C7007BB018 /* TimedMetadataDemo.app */;
			productType = "com.apple.product-type.application";
		};
		6CDBF3A8288EF2C7007BB018 /* Tests iOS */ = {
			isa = PBXNativeTarget;
			buildConfigurationList = 6CDBF3CB288EF2C7007BB018 /* Build configuration list for PBXNativeTarget "Tests iOS" */;
			buildPhases = (
				6CDBF3A5288EF2C7007BB018 /* Sources */,
				6CDBF3A6288EF2C7007BB018 /* Frameworks */,
				6CDBF3A7288EF2C7007BB018 /* Resources */,
			);
			buildRules = (
			);
			dependencies = (
				6CDBF3AB288EF2C7007BB018 /* PBXTargetDependency */,
			);
			name = "Tests iOS";
			productName = "Tests iOS";
			productReference = 6CDBF3A9288EF2C7007BB018 /* Tests iOS.xctest */;
			productType = "com.apple.product-type.bundle.ui-testing";
		};
		6CDBF3B4288EF2C7007BB018 /* Tests macOS */ = {
			isa = PBXNativeTarget;
			buildConfigurationList = 6CDBF3CE288EF2C7007BB018 /* Build configuration list for PBXNativeTarget "Tests macOS" */;
			buildPhases = (
				6CDBF3B1288EF2C7007BB018 /* Sources */,
				6CDBF3B2288EF2C7007BB018 /* Frameworks */,
				6CDBF3B3288EF2C7007BB018 /* Resources */,
			);
			buildRules = (
			);
			dependencies = (
				6CDBF3B7288EF2C7007BB018 /* PBXTargetDependency */,
			);
			name = "Tests macOS";
			productName = "Tests macOS";
			productReference = 6CDBF3B5288EF2C7007BB018 /* Tests macOS.xctest */;
			productType = "com.apple.product-type.bundle.ui-testing";
		};
/* End PBXNativeTarget section */

/* Begin PBXProject section */
		6CDBF390288EF2C7007BB018 /* Project object */ = {
			isa = PBXProject;
			attributes = {
				BuildIndependentTargetsInParallel = 1;
				LastSwiftUpdateCheck = 1340;
				LastUpgradeCheck = 1340;
				TargetAttributes = {
					6CDBF39B288EF2C7007BB018 = {
						CreatedOnToolsVersion = 13.4.1;
					};
					6CDBF3A1288EF2C7007BB018 = {
						CreatedOnToolsVersion = 13.4.1;
					};
					6CDBF3A8288EF2C7007BB018 = {
						CreatedOnToolsVersion = 13.4.1;
						TestTargetID = 6CDBF39B288EF2C7007BB018;
					};
					6CDBF3B4288EF2C7007BB018 = {
						CreatedOnToolsVersion = 13.4.1;
						TestTargetID = 6CDBF3A1288EF2C7007BB018;
					};
				};
			};
			buildConfigurationList = 6CDBF393288EF2C7007BB018 /* Build configuration list for PBXProject "TimedMetadataDemo" */;
			compatibilityVersion = "Xcode 13.0";
			developmentRegion = en;
			hasScannedForEncodings = 0;
			knownRegions = (
				en,
				Base,
			);
			mainGroup = 6CDBF38F288EF2C7007BB018;
			productRefGroup = 6CDBF39D288EF2C7007BB018 /* Products */;
			projectDirPath = "";
			projectRoot = "";
			targets = (
				6CDBF39B288EF2C7007BB018 /* TimedMetadataDemo (iOS) */,
				6CDBF3A1288EF2C7007BB018 /* TimedMetadataDemo (macOS) */,
				6CDBF3A8288EF2C7007BB018 /* Tests iOS */,
				6CDBF3B4288EF2C7007BB018 /* Tests macOS */,
			);
		};
/* End PBXProject section */

/* Begin PBXResourcesBuildPhase section */
		6CDBF39A288EF2C7007BB018 /* Resources */ = {
			isa = PBXResourcesBuildPhase;
			buildActionMask = 2147483647;
			files = (
				6C4E025028A5BFD4004C0EB0 /* GameTimedMetadata.json in Resources */,
				6CDBF3C1288EF2C7007BB018 /* Assets.xcassets in Resources */,
				6C4E024928A16BEE004C0EB0 /* medium.json in Resources */,
			);
			runOnlyForDeploymentPostprocessing = 0;
		};
		6CDBF3A0288EF2C7007BB018 /* Resources */ = {
			isa = PBXResourcesBuildPhase;
			buildActionMask = 2147483647;
			files = (
				6C4E025128A5BFD4004C0EB0 /* GameTimedMetadata.json in Resources */,
				6CDBF3C2288EF2C7007BB018 /* Assets.xcassets in Resources */,
				6C4E024A28A16BEE004C0EB0 /* medium.json in Resources */,
			);
			runOnlyForDeploymentPostprocessing = 0;
		};
		6CDBF3A7288EF2C7007BB018 /* Resources */ = {
			isa = PBXResourcesBuildPhase;
			buildActionMask = 2147483647;
			files = (
			);
			runOnlyForDeploymentPostprocessing = 0;
		};
		6CDBF3B3288EF2C7007BB018 /* Resources */ = {
			isa = PBXResourcesBuildPhase;
			buildActionMask = 2147483647;
			files = (
			);
			runOnlyForDeploymentPostprocessing = 0;
		};
/* End PBXResourcesBuildPhase section */

/* Begin PBXSourcesBuildPhase section */
		6CDBF398288EF2C7007BB018 /* Sources */ = {
			isa = PBXSourcesBuildPhase;
			buildActionMask = 2147483647;
			files = (
				6C1BE006289C50FD00E8A6DC /* RoundViews.swift in Sources */,
				6CDBF3BF288EF2C7007BB018 /* ContentView.swift in Sources */,
				6C1BDFFF289C4F9800E8A6DC /* LeaderboardView.swift in Sources */,
				6C4E025328A5FEE4004C0EB0 /* ScoreBoard.swift in Sources */,
				6CDBF3BD288EF2C7007BB018 /* TimedMetadataDemoApp.swift in Sources */,
				6C4E024D28A45396004C0EB0 /* TimedMetadataParser.swift in Sources */,
				6C4E024528A0A375004C0EB0 /* Bases.swift in Sources */,
				6C4E023F289E05F0004C0EB0 /* Diamond.swift in Sources */,
				6C4E0238289CD06A004C0EB0 /* TimedMetadata.swift in Sources */,
				6C4E0242289E1011004C0EB0 /* Base.swift in Sources */,
				6C1BE003289C509D00E8A6DC /* Constants.swift in Sources */,
				6C1BE009289C517800E8A6DC /* TextViews.swift in Sources */,
			);
			runOnlyForDeploymentPostprocessing = 0;
		};
		6CDBF39E288EF2C7007BB018 /* Sources */ = {
			isa = PBXSourcesBuildPhase;
			buildActionMask = 2147483647;
			files = (
				6C1BE007289C50FD00E8A6DC /* RoundViews.swift in Sources */,
				6CDBF3C0288EF2C7007BB018 /* ContentView.swift in Sources */,
				6C1BE000289C4F9800E8A6DC /* LeaderboardView.swift in Sources */,
				6C4E025428A5FEE4004C0EB0 /* ScoreBoard.swift in Sources */,
				6CDBF3BE288EF2C7007BB018 /* TimedMetadataDemoApp.swift in Sources */,
				6C4E024E28A45396004C0EB0 /* TimedMetadataParser.swift in Sources */,
				6C4E024628A0A375004C0EB0 /* Bases.swift in Sources */,
				6C4E0240289E05F0004C0EB0 /* Diamond.swift in Sources */,
				6C4E0239289CD06A004C0EB0 /* TimedMetadata.swift in Sources */,
				6C4E0243289E1011004C0EB0 /* Base.swift in Sources */,
				6C1BE004289C509D00E8A6DC /* Constants.swift in Sources */,
				6C1BE00A289C517800E8A6DC /* TextViews.swift in Sources */,
			);
			runOnlyForDeploymentPostprocessing = 0;
		};
		6CDBF3A5288EF2C7007BB018 /* Sources */ = {
			isa = PBXSourcesBuildPhase;
			buildActionMask = 2147483647;
			files = (
				6CDBF3B0288EF2C7007BB018 /* Tests_iOSLaunchTests.swift in Sources */,
				6CDBF3AE288EF2C7007BB018 /* Tests_iOS.swift in Sources */,
			);
			runOnlyForDeploymentPostprocessing = 0;
		};
		6CDBF3B1288EF2C7007BB018 /* Sources */ = {
			isa = PBXSourcesBuildPhase;
			buildActionMask = 2147483647;
			files = (
				6CDBF3BC288EF2C7007BB018 /* Tests_macOSLaunchTests.swift in Sources */,
				6CDBF3BA288EF2C7007BB018 /* Tests_macOS.swift in Sources */,
			);
			runOnlyForDeploymentPostprocessing = 0;
		};
/* End PBXSourcesBuildPhase section */

/* Begin PBXTargetDependency section */
		6CDBF3AB288EF2C7007BB018 /* PBXTargetDependency */ = {
			isa = PBXTargetDependency;
			target = 6CDBF39B288EF2C7007BB018 /* TimedMetadataDemo (iOS) */;
			targetProxy = 6CDBF3AA288EF2C7007BB018 /* PBXContainerItemProxy */;
		};
		6CDBF3B7288EF2C7007BB018 /* PBXTargetDependency */ = {
			isa = PBXTargetDependency;
			target = 6CDBF3A1288EF2C7007BB018 /* TimedMetadataDemo (macOS) */;
			targetProxy = 6CDBF3B6288EF2C7007BB018 /* PBXContainerItemProxy */;
		};
/* End PBXTargetDependency section */

/* Begin XCBuildConfiguration section */
		6CDBF3C3288EF2C7007BB018 /* Debug */ = {
			isa = XCBuildConfiguration;
			buildSettings = {
				ALWAYS_SEARCH_USER_PATHS = NO;
				CLANG_ANALYZER_NONNULL = YES;
				CLANG_ANALYZER_NUMBER_OBJECT_CONVERSION = YES_AGGRESSIVE;
				CLANG_CXX_LANGUAGE_STANDARD = "gnu++17";
				CLANG_ENABLE_MODULES = YES;
				CLANG_ENABLE_OBJC_ARC = YES;
				CLANG_ENABLE_OBJC_WEAK = YES;
				CLANG_WARN_BLOCK_CAPTURE_AUTORELEASING = YES;
				CLANG_WARN_BOOL_CONVERSION = YES;
				CLANG_WARN_COMMA = YES;
				CLANG_WARN_CONSTANT_CONVERSION = YES;
				CLANG_WARN_DEPRECATED_OBJC_IMPLEMENTATIONS = YES;
				CLANG_WARN_DIRECT_OBJC_ISA_USAGE = YES_ERROR;
				CLANG_WARN_DOCUMENTATION_COMMENTS = YES;
				CLANG_WARN_EMPTY_BODY = YES;
				CLANG_WARN_ENUM_CONVERSION = YES;
				CLANG_WARN_INFINITE_RECURSION = YES;
				CLANG_WARN_INT_CONVERSION = YES;
				CLANG_WARN_NON_LITERAL_NULL_CONVERSION = YES;
				CLANG_WARN_OBJC_IMPLICIT_RETAIN_SELF = YES;
				CLANG_WARN_OBJC_LITERAL_CONVERSION = YES;
				CLANG_WARN_OBJC_ROOT_CLASS = YES_ERROR;
				CLANG_WARN_QUOTED_INCLUDE_IN_FRAMEWORK_HEADER = YES;
				CLANG_WARN_RANGE_LOOP_ANALYSIS = YES;
				CLANG_WARN_STRICT_PROTOTYPES = YES;
				CLANG_WARN_SUSPICIOUS_MOVE = YES;
				CLANG_WARN_UNGUARDED_AVAILABILITY = YES_AGGRESSIVE;
				CLANG_WARN_UNREACHABLE_CODE = YES;
				CLANG_WARN__DUPLICATE_METHOD_MATCH = YES;
				COPY_PHASE_STRIP = NO;
				DEBUG_INFORMATION_FORMAT = dwarf;
				ENABLE_STRICT_OBJC_MSGSEND = YES;
				ENABLE_TESTABILITY = YES;
				GCC_C_LANGUAGE_STANDARD = gnu11;
				GCC_DYNAMIC_NO_PIC = NO;
				GCC_NO_COMMON_BLOCKS = YES;
				GCC_OPTIMIZATION_LEVEL = 0;
				GCC_PREPROCESSOR_DEFINITIONS = (
					"DEBUG=1",
					"$(inherited)",
				);
				GCC_WARN_64_TO_32_BIT_CONVERSION = YES;
				GCC_WARN_ABOUT_RETURN_TYPE = YES_ERROR;
				GCC_WARN_UNDECLARED_SELECTOR = YES;
				GCC_WARN_UNINITIALIZED_AUTOS = YES_AGGRESSIVE;
				GCC_WARN_UNUSED_FUNCTION = YES;
				GCC_WARN_UNUSED_VARIABLE = YES;
				MTL_ENABLE_DEBUG_INFO = INCLUDE_SOURCE;
				MTL_FAST_MATH = YES;
				ONLY_ACTIVE_ARCH = YES;
				SWIFT_ACTIVE_COMPILATION_CONDITIONS = DEBUG;
				SWIFT_OPTIMIZATION_LEVEL = "-Onone";
			};
			name = Debug;
		};
		6CDBF3C4288EF2C7007BB018 /* Release */ = {
			isa = XCBuildConfiguration;
			buildSettings = {
				ALWAYS_SEARCH_USER_PATHS = NO;
				CLANG_ANALYZER_NONNULL = YES;
				CLANG_ANALYZER_NUMBER_OBJECT_CONVERSION = YES_AGGRESSIVE;
				CLANG_CXX_LANGUAGE_STANDARD = "gnu++17";
				CLANG_ENABLE_MODULES = YES;
				CLANG_ENABLE_OBJC_ARC = YES;
				CLANG_ENABLE_OBJC_WEAK = YES;
				CLANG_WARN_BLOCK_CAPTURE_AUTORELEASING = YES;
				CLANG_WARN_BOOL_CONVERSION = YES;
				CLANG_WARN_COMMA = YES;
				CLANG_WARN_CONSTANT_CONVERSION = YES;
				CLANG_WARN_DEPRECATED_OBJC_IMPLEMENTATIONS = YES;
				CLANG_WARN_DIRECT_OBJC_ISA_USAGE = YES_ERROR;
				CLANG_WARN_DOCUMENTATION_COMMENTS = YES;
				CLANG_WARN_EMPTY_BODY = YES;
				CLANG_WARN_ENUM_CONVERSION = YES;
				CLANG_WARN_INFINITE_RECURSION = YES;
				CLANG_WARN_INT_CONVERSION = YES;
				CLANG_WARN_NON_LITERAL_NULL_CONVERSION = YES;
				CLANG_WARN_OBJC_IMPLICIT_RETAIN_SELF = YES;
				CLANG_WARN_OBJC_LITERAL_CONVERSION = YES;
				CLANG_WARN_OBJC_ROOT_CLASS = YES_ERROR;
				CLANG_WARN_QUOTED_INCLUDE_IN_FRAMEWORK_HEADER = YES;
				CLANG_WARN_RANGE_LOOP_ANALYSIS = YES;
				CLANG_WARN_STRICT_PROTOTYPES = YES;
				CLANG_WARN_SUSPICIOUS_MOVE = YES;
				CLANG_WARN_UNGUARDED_AVAILABILITY = YES_AGGRESSIVE;
				CLANG_WARN_UNREACHABLE_CODE = YES;
				CLANG_WARN__DUPLICATE_METHOD_MATCH = YES;
				COPY_PHASE_STRIP = NO;
				DEBUG_INFORMATION_FORMAT = "dwarf-with-dsym";
				ENABLE_NS_ASSERTIONS = NO;
				ENABLE_STRICT_OBJC_MSGSEND = YES;
				GCC_C_LANGUAGE_STANDARD = gnu11;
				GCC_NO_COMMON_BLOCKS = YES;
				GCC_WARN_64_TO_32_BIT_CONVERSION = YES;
				GCC_WARN_ABOUT_RETURN_TYPE = YES_ERROR;
				GCC_WARN_UNDECLARED_SELECTOR = YES;
				GCC_WARN_UNINITIALIZED_AUTOS = YES_AGGRESSIVE;
				GCC_WARN_UNUSED_FUNCTION = YES;
				GCC_WARN_UNUSED_VARIABLE = YES;
				MTL_ENABLE_DEBUG_INFO = NO;
				MTL_FAST_MATH = YES;
				SWIFT_COMPILATION_MODE = wholemodule;
				SWIFT_OPTIMIZATION_LEVEL = "-O";
			};
			name = Release;
		};
		6CDBF3C6288EF2C7007BB018 /* Debug */ = {
			isa = XCBuildConfiguration;
			buildSettings = {
				ASSETCATALOG_COMPILER_APPICON_NAME = AppIcon;
				ASSETCATALOG_COMPILER_GLOBAL_ACCENT_COLOR_NAME = AccentColor;
				CODE_SIGN_STYLE = Automatic;
				CURRENT_PROJECT_VERSION = 1;
				DEVELOPMENT_TEAM = 5F422LXQZN;
				ENABLE_PREVIEWS = YES;
				GENERATE_INFOPLIST_FILE = YES;
				INFOPLIST_KEY_UIApplicationSceneManifest_Generation = YES;
				INFOPLIST_KEY_UIApplicationSupportsIndirectInputEvents = YES;
				INFOPLIST_KEY_UILaunchScreen_Generation = YES;
				INFOPLIST_KEY_UISupportedInterfaceOrientations_iPad = "UIInterfaceOrientationPortrait UIInterfaceOrientationPortraitUpsideDown UIInterfaceOrientationLandscapeLeft UIInterfaceOrientationLandscapeRight";
				INFOPLIST_KEY_UISupportedInterfaceOrientations_iPhone = "UIInterfaceOrientationPortrait UIInterfaceOrientationLandscapeLeft UIInterfaceOrientationLandscapeRight";
				IPHONEOS_DEPLOYMENT_TARGET = 15.5;
				LD_RUNPATH_SEARCH_PATHS = (
					"$(inherited)",
					"@executable_path/Frameworks",
				);
				MARKETING_VERSION = 1.0;
				PRODUCT_BUNDLE_IDENTIFIER = "Mux-Inc.TimedMetadataDemo";
				PRODUCT_NAME = TimedMetadataDemo;
				SDKROOT = iphoneos;
				SWIFT_EMIT_LOC_STRINGS = YES;
				SWIFT_VERSION = 5.0;
				TARGETED_DEVICE_FAMILY = "1,2";
			};
			name = Debug;
		};
		6CDBF3C7288EF2C7007BB018 /* Release */ = {
			isa = XCBuildConfiguration;
			buildSettings = {
				ASSETCATALOG_COMPILER_APPICON_NAME = AppIcon;
				ASSETCATALOG_COMPILER_GLOBAL_ACCENT_COLOR_NAME = AccentColor;
				CODE_SIGN_STYLE = Automatic;
				CURRENT_PROJECT_VERSION = 1;
				DEVELOPMENT_TEAM = 5F422LXQZN;
				ENABLE_PREVIEWS = YES;
				GENERATE_INFOPLIST_FILE = YES;
				INFOPLIST_KEY_UIApplicationSceneManifest_Generation = YES;
				INFOPLIST_KEY_UIApplicationSupportsIndirectInputEvents = YES;
				INFOPLIST_KEY_UILaunchScreen_Generation = YES;
				INFOPLIST_KEY_UISupportedInterfaceOrientations_iPad = "UIInterfaceOrientationPortrait UIInterfaceOrientationPortraitUpsideDown UIInterfaceOrientationLandscapeLeft UIInterfaceOrientationLandscapeRight";
				INFOPLIST_KEY_UISupportedInterfaceOrientations_iPhone = "UIInterfaceOrientationPortrait UIInterfaceOrientationLandscapeLeft UIInterfaceOrientationLandscapeRight";
				IPHONEOS_DEPLOYMENT_TARGET = 15.5;
				LD_RUNPATH_SEARCH_PATHS = (
					"$(inherited)",
					"@executable_path/Frameworks",
				);
				MARKETING_VERSION = 1.0;
				PRODUCT_BUNDLE_IDENTIFIER = "Mux-Inc.TimedMetadataDemo";
				PRODUCT_NAME = TimedMetadataDemo;
				SDKROOT = iphoneos;
				SWIFT_EMIT_LOC_STRINGS = YES;
				SWIFT_VERSION = 5.0;
				TARGETED_DEVICE_FAMILY = "1,2";
				VALIDATE_PRODUCT = YES;
			};
			name = Release;
		};
		6CDBF3C9288EF2C7007BB018 /* Debug */ = {
			isa = XCBuildConfiguration;
			buildSettings = {
				ASSETCATALOG_COMPILER_APPICON_NAME = AppIcon;
				ASSETCATALOG_COMPILER_GLOBAL_ACCENT_COLOR_NAME = AccentColor;
				CODE_SIGN_ENTITLEMENTS = macOS/macOS.entitlements;
				CODE_SIGN_STYLE = Automatic;
				COMBINE_HIDPI_IMAGES = YES;
				CURRENT_PROJECT_VERSION = 1;
				DEVELOPMENT_TEAM = 5F422LXQZN;
				ENABLE_HARDENED_RUNTIME = YES;
				ENABLE_PREVIEWS = YES;
				GENERATE_INFOPLIST_FILE = YES;
				INFOPLIST_KEY_NSHumanReadableCopyright = "";
				LD_RUNPATH_SEARCH_PATHS = (
					"$(inherited)",
					"@executable_path/../Frameworks",
				);
				MACOSX_DEPLOYMENT_TARGET = 12.3;
				MARKETING_VERSION = 1.0;
				PRODUCT_BUNDLE_IDENTIFIER = "Mux-Inc.TimedMetadataDemo";
				PRODUCT_NAME = TimedMetadataDemo;
				SDKROOT = macosx;
				SWIFT_EMIT_LOC_STRINGS = YES;
				SWIFT_VERSION = 5.0;
			};
			name = Debug;
		};
		6CDBF3CA288EF2C7007BB018 /* Release */ = {
			isa = XCBuildConfiguration;
			buildSettings = {
				ASSETCATALOG_COMPILER_APPICON_NAME = AppIcon;
				ASSETCATALOG_COMPILER_GLOBAL_ACCENT_COLOR_NAME = AccentColor;
				CODE_SIGN_ENTITLEMENTS = macOS/macOS.entitlements;
				CODE_SIGN_STYLE = Automatic;
				COMBINE_HIDPI_IMAGES = YES;
				CURRENT_PROJECT_VERSION = 1;
				DEVELOPMENT_TEAM = 5F422LXQZN;
				ENABLE_HARDENED_RUNTIME = YES;
				ENABLE_PREVIEWS = YES;
				GENERATE_INFOPLIST_FILE = YES;
				INFOPLIST_KEY_NSHumanReadableCopyright = "";
				LD_RUNPATH_SEARCH_PATHS = (
					"$(inherited)",
					"@executable_path/../Frameworks",
				);
				MACOSX_DEPLOYMENT_TARGET = 12.3;
				MARKETING_VERSION = 1.0;
				PRODUCT_BUNDLE_IDENTIFIER = "Mux-Inc.TimedMetadataDemo";
				PRODUCT_NAME = TimedMetadataDemo;
				SDKROOT = macosx;
				SWIFT_EMIT_LOC_STRINGS = YES;
				SWIFT_VERSION = 5.0;
			};
			name = Release;
		};
		6CDBF3CC288EF2C7007BB018 /* Debug */ = {
			isa = XCBuildConfiguration;
			buildSettings = {
				ALWAYS_EMBED_SWIFT_STANDARD_LIBRARIES = YES;
				CODE_SIGN_STYLE = Automatic;
				CURRENT_PROJECT_VERSION = 1;
				DEVELOPMENT_TEAM = 5F422LXQZN;
				GENERATE_INFOPLIST_FILE = YES;
				IPHONEOS_DEPLOYMENT_TARGET = 15.5;
				MARKETING_VERSION = 1.0;
				PRODUCT_BUNDLE_IDENTIFIER = "Mux-Inc.Tests-iOS";
				PRODUCT_NAME = "$(TARGET_NAME)";
				SDKROOT = iphoneos;
				SWIFT_EMIT_LOC_STRINGS = NO;
				SWIFT_VERSION = 5.0;
				TARGETED_DEVICE_FAMILY = "1,2";
				TEST_TARGET_NAME = "TimedMetadataDemo (iOS)";
			};
			name = Debug;
		};
		6CDBF3CD288EF2C7007BB018 /* Release */ = {
			isa = XCBuildConfiguration;
			buildSettings = {
				ALWAYS_EMBED_SWIFT_STANDARD_LIBRARIES = YES;
				CODE_SIGN_STYLE = Automatic;
				CURRENT_PROJECT_VERSION = 1;
				DEVELOPMENT_TEAM = 5F422LXQZN;
				GENERATE_INFOPLIST_FILE = YES;
				IPHONEOS_DEPLOYMENT_TARGET = 15.5;
				MARKETING_VERSION = 1.0;
				PRODUCT_BUNDLE_IDENTIFIER = "Mux-Inc.Tests-iOS";
				PRODUCT_NAME = "$(TARGET_NAME)";
				SDKROOT = iphoneos;
				SWIFT_EMIT_LOC_STRINGS = NO;
				SWIFT_VERSION = 5.0;
				TARGETED_DEVICE_FAMILY = "1,2";
				TEST_TARGET_NAME = "TimedMetadataDemo (iOS)";
				VALIDATE_PRODUCT = YES;
			};
			name = Release;
		};
		6CDBF3CF288EF2C7007BB018 /* Debug */ = {
			isa = XCBuildConfiguration;
			buildSettings = {
				ALWAYS_EMBED_SWIFT_STANDARD_LIBRARIES = YES;
				CODE_SIGN_STYLE = Automatic;
				CURRENT_PROJECT_VERSION = 1;
				DEVELOPMENT_TEAM = 5F422LXQZN;
				GENERATE_INFOPLIST_FILE = YES;
				MACOSX_DEPLOYMENT_TARGET = 12.3;
				MARKETING_VERSION = 1.0;
				PRODUCT_BUNDLE_IDENTIFIER = "Mux-Inc.Tests-macOS";
				PRODUCT_NAME = "$(TARGET_NAME)";
				SDKROOT = macosx;
				SWIFT_EMIT_LOC_STRINGS = NO;
				SWIFT_VERSION = 5.0;
				TEST_TARGET_NAME = "TimedMetadataDemo (macOS)";
			};
			name = Debug;
		};
		6CDBF3D0288EF2C7007BB018 /* Release */ = {
			isa = XCBuildConfiguration;
			buildSettings = {
				ALWAYS_EMBED_SWIFT_STANDARD_LIBRARIES = YES;
				CODE_SIGN_STYLE = Automatic;
				CURRENT_PROJECT_VERSION = 1;
				DEVELOPMENT_TEAM = 5F422LXQZN;
				GENERATE_INFOPLIST_FILE = YES;
				MACOSX_DEPLOYMENT_TARGET = 12.3;
				MARKETING_VERSION = 1.0;
				PRODUCT_BUNDLE_IDENTIFIER = "Mux-Inc.Tests-macOS";
				PRODUCT_NAME = "$(TARGET_NAME)";
				SDKROOT = macosx;
				SWIFT_EMIT_LOC_STRINGS = NO;
				SWIFT_VERSION = 5.0;
				TEST_TARGET_NAME = "TimedMetadataDemo (macOS)";
			};
			name = Release;
		};
/* End XCBuildConfiguration section */

/* Begin XCConfigurationList section */
		6CDBF393288EF2C7007BB018 /* Build configuration list for PBXProject "TimedMetadataDemo" */ = {
			isa = XCConfigurationList;
			buildConfigurations = (
				6CDBF3C3288EF2C7007BB018 /* Debug */,
				6CDBF3C4288EF2C7007BB018 /* Release */,
			);
			defaultConfigurationIsVisible = 0;
			defaultConfigurationName = Release;
		};
		6CDBF3C5288EF2C7007BB018 /* Build configuration list for PBXNativeTarget "TimedMetadataDemo (iOS)" */ = {
			isa = XCConfigurationList;
			buildConfigurations = (
				6CDBF3C6288EF2C7007BB018 /* Debug */,
				6CDBF3C7288EF2C7007BB018 /* Release */,
			);
			defaultConfigurationIsVisible = 0;
			defaultConfigurationName = Release;
		};
		6CDBF3C8288EF2C7007BB018 /* Build configuration list for PBXNativeTarget "TimedMetadataDemo (macOS)" */ = {
			isa = XCConfigurationList;
			buildConfigurations = (
				6CDBF3C9288EF2C7007BB018 /* Debug */,
				6CDBF3CA288EF2C7007BB018 /* Release */,
			);
			defaultConfigurationIsVisible = 0;
			defaultConfigurationName = Release;
		};
		6CDBF3CB288EF2C7007BB018 /* Build configuration list for PBXNativeTarget "Tests iOS" */ = {
			isa = XCConfigurationList;
			buildConfigurations = (
				6CDBF3CC288EF2C7007BB018 /* Debug */,
				6CDBF3CD288EF2C7007BB018 /* Release */,
			);
			defaultConfigurationIsVisible = 0;
			defaultConfigurationName = Release;
		};
		6CDBF3CE288EF2C7007BB018 /* Build configuration list for PBXNativeTarget "Tests macOS" */ = {
			isa = XCConfigurationList;
			buildConfigurations = (
				6CDBF3CF288EF2C7007BB018 /* Debug */,
				6CDBF3D0288EF2C7007BB018 /* Release */,
			);
			defaultConfigurationIsVisible = 0;
			defaultConfigurationName = Release;
		};
/* End XCConfigurationList section */
	};
	rootObject = 6CDBF390288EF2C7007BB018 /* Project object */;
}
